// !$*UTF8*$!
{
	archiveVersion = 1;
	classes = {
	};
	objectVersion = 48;
	objects = {

/* Begin PBXBuildFile section */
		1FB9A8957541D654C66E0760 /* Pods_LinkableLabelTest.framework in Frameworks */ = {isa = PBXBuildFile; fileRef = 4D932D3C7199362BFA552987 /* Pods_LinkableLabelTest.framework */; };
		806236971FD92F08009D2C69 /* TTTViewController.swift in Sources */ = {isa = PBXBuildFile; fileRef = 806236961FD92F08009D2C69 /* TTTViewController.swift */; };
		806236991FD92FFA009D2C69 /* LinkableTableViewCell.swift in Sources */ = {isa = PBXBuildFile; fileRef = 806236981FD92FFA009D2C69 /* LinkableTableViewCell.swift */; };
		8062369B1FD9301F009D2C69 /* LinkableLabel.swift in Sources */ = {isa = PBXBuildFile; fileRef = 8062369A1FD9301F009D2C69 /* LinkableLabel.swift */; };
		8062369D1FD930EB009D2C69 /* Data.swift in Sources */ = {isa = PBXBuildFile; fileRef = 8062369C1FD930EB009D2C69 /* Data.swift */; };
		8062369F1FD93B19009D2C69 /* TTTTableViewCell.swift in Sources */ = {isa = PBXBuildFile; fileRef = 8062369E1FD93B19009D2C69 /* TTTTableViewCell.swift */; };
		80801C231FD92DC4004761D3 /* AppDelegate.swift in Sources */ = {isa = PBXBuildFile; fileRef = 80801C221FD92DC4004761D3 /* AppDelegate.swift */; };
		80801C251FD92DC4004761D3 /* ViewController.swift in Sources */ = {isa = PBXBuildFile; fileRef = 80801C241FD92DC4004761D3 /* ViewController.swift */; };
		80801C2A1FD92DC4004761D3 /* Assets.xcassets in Resources */ = {isa = PBXBuildFile; fileRef = 80801C291FD92DC4004761D3 /* Assets.xcassets */; };
		80801C2D1FD92DC4004761D3 /* LaunchScreen.storyboard in Resources */ = {isa = PBXBuildFile; fileRef = 80801C2B1FD92DC4004761D3 /* LaunchScreen.storyboard */; };
/* End PBXBuildFile section */

/* Begin PBXFileReference section */
		4D932D3C7199362BFA552987 /* Pods_LinkableLabelTest.framework */ = {isa = PBXFileReference; explicitFileType = wrapper.framework; includeInIndex = 0; path = Pods_LinkableLabelTest.framework; sourceTree = BUILT_PRODUCTS_DIR; };
		806236961FD92F08009D2C69 /* TTTViewController.swift */ = {isa = PBXFileReference; lastKnownFileType = sourcecode.swift; path = TTTViewController.swift; sourceTree = "<group>"; };
		806236981FD92FFA009D2C69 /* LinkableTableViewCell.swift */ = {isa = PBXFileReference; lastKnownFileType = sourcecode.swift; path = LinkableTableViewCell.swift; sourceTree = "<group>"; };
		8062369A1FD9301F009D2C69 /* LinkableLabel.swift */ = {isa = PBXFileReference; lastKnownFileType = sourcecode.swift; path = LinkableLabel.swift; sourceTree = "<group>"; };
		8062369C1FD930EB009D2C69 /* Data.swift */ = {isa = PBXFileReference; lastKnownFileType = sourcecode.swift; path = Data.swift; sourceTree = "<group>"; };
		8062369E1FD93B19009D2C69 /* TTTTableViewCell.swift */ = {isa = PBXFileReference; lastKnownFileType = sourcecode.swift; path = TTTTableViewCell.swift; sourceTree = "<group>"; };
		806236A01FD93C4C009D2C69 /* LinkableLabelTest-Bridging-Header.h */ = {isa = PBXFileReference; lastKnownFileType = sourcecode.c.h; path = "LinkableLabelTest-Bridging-Header.h"; sourceTree = "<group>"; };
		80801C1F1FD92DC4004761D3 /* LinkableLabelTest.app */ = {isa = PBXFileReference; explicitFileType = wrapper.application; includeInIndex = 0; path = LinkableLabelTest.app; sourceTree = BUILT_PRODUCTS_DIR; };
		80801C221FD92DC4004761D3 /* AppDelegate.swift */ = {isa = PBXFileReference; lastKnownFileType = sourcecode.swift; path = AppDelegate.swift; sourceTree = "<group>"; };
		80801C241FD92DC4004761D3 /* ViewController.swift */ = {isa = PBXFileReference; lastKnownFileType = sourcecode.swift; path = ViewController.swift; sourceTree = "<group>"; };
		80801C291FD92DC4004761D3 /* Assets.xcassets */ = {isa = PBXFileReference; lastKnownFileType = folder.assetcatalog; path = Assets.xcassets; sourceTree = "<group>"; };
		80801C2C1FD92DC4004761D3 /* Base */ = {isa = PBXFileReference; lastKnownFileType = file.storyboard; name = Base; path = Base.lproj/LaunchScreen.storyboard; sourceTree = "<group>"; };
		80801C2E1FD92DC4004761D3 /* Info.plist */ = {isa = PBXFileReference; lastKnownFileType = text.plist.xml; path = Info.plist; sourceTree = "<group>"; };
		AB16F1DC61CB0A99D4521591 /* Pods-LinkableLabelTest.release.xcconfig */ = {isa = PBXFileReference; includeInIndex = 1; lastKnownFileType = text.xcconfig; name = "Pods-LinkableLabelTest.release.xcconfig"; path = "Pods/Target Support Files/Pods-LinkableLabelTest/Pods-LinkableLabelTest.release.xcconfig"; sourceTree = "<group>"; };
		C1EB7604B40B7151D4FC7D7D /* Pods-LinkableLabelTest.debug.xcconfig */ = {isa = PBXFileReference; includeInIndex = 1; lastKnownFileType = text.xcconfig; name = "Pods-LinkableLabelTest.debug.xcconfig"; path = "Pods/Target Support Files/Pods-LinkableLabelTest/Pods-LinkableLabelTest.debug.xcconfig"; sourceTree = "<group>"; };
/* End PBXFileReference section */

/* Begin PBXFrameworksBuildPhase section */
		80801C1C1FD92DC4004761D3 /* Frameworks */ = {
			isa = PBXFrameworksBuildPhase;
			buildActionMask = 2147483647;
			files = (
				1FB9A8957541D654C66E0760 /* Pods_LinkableLabelTest.framework in Frameworks */,
			);
			runOnlyForDeploymentPostprocessing = 0;
		};
/* End PBXFrameworksBuildPhase section */

/* Begin PBXGroup section */
		80801C161FD92DC4004761D3 = {
			isa = PBXGroup;
			children = (
				80801C211FD92DC4004761D3 /* LinkableLabelTest */,
				80801C201FD92DC4004761D3 /* Products */,
				823016C13A66357DA576C587 /* Pods */,
				A2D6C72829E7678133E92A3D /* Frameworks */,
			);
			sourceTree = "<group>";
		};
		80801C201FD92DC4004761D3 /* Products */ = {
			isa = PBXGroup;
			children = (
				80801C1F1FD92DC4004761D3 /* LinkableLabelTest.app */,
			);
			name = Products;
			sourceTree = "<group>";
		};
		80801C211FD92DC4004761D3 /* LinkableLabelTest */ = {
			isa = PBXGroup;
			children = (
				80801C221FD92DC4004761D3 /* AppDelegate.swift */,
				80801C241FD92DC4004761D3 /* ViewController.swift */,
				80801C291FD92DC4004761D3 /* Assets.xcassets */,
				80801C2B1FD92DC4004761D3 /* LaunchScreen.storyboard */,
				80801C2E1FD92DC4004761D3 /* Info.plist */,
				806236961FD92F08009D2C69 /* TTTViewController.swift */,
				806236981FD92FFA009D2C69 /* LinkableTableViewCell.swift */,
				8062369A1FD9301F009D2C69 /* LinkableLabel.swift */,
				8062369C1FD930EB009D2C69 /* Data.swift */,
				8062369E1FD93B19009D2C69 /* TTTTableViewCell.swift */,
				806236A01FD93C4C009D2C69 /* LinkableLabelTest-Bridging-Header.h */,
			);
			path = LinkableLabelTest;
			sourceTree = "<group>";
		};
		823016C13A66357DA576C587 /* Pods */ = {
			isa = PBXGroup;
			children = (
				C1EB7604B40B7151D4FC7D7D /* Pods-LinkableLabelTest.debug.xcconfig */,
				AB16F1DC61CB0A99D4521591 /* Pods-LinkableLabelTest.release.xcconfig */,
			);
			name = Pods;
			sourceTree = "<group>";
		};
		A2D6C72829E7678133E92A3D /* Frameworks */ = {
			isa = PBXGroup;
			children = (
				4D932D3C7199362BFA552987 /* Pods_LinkableLabelTest.framework */,
			);
			name = Frameworks;
			sourceTree = "<group>";
		};
/* End PBXGroup section */

/* Begin PBXNativeTarget section */
		80801C1E1FD92DC4004761D3 /* LinkableLabelTest */ = {
			isa = PBXNativeTarget;
			buildConfigurationList = 80801C311FD92DC4004761D3 /* Build configuration list for PBXNativeTarget "LinkableLabelTest" */;
			buildPhases = (
				A6E24BDDA3B32F09F76D6A72 /* [CP] Check Pods Manifest.lock */,
				80801C1B1FD92DC4004761D3 /* Sources */,
				80801C1C1FD92DC4004761D3 /* Frameworks */,
				80801C1D1FD92DC4004761D3 /* Resources */,
				02C0C84CFEC66DBB26F202EB /* [CP] Embed Pods Frameworks */,
				8AA227315B66BB10E6C25E54 /* [CP] Copy Pods Resources */,
			);
			buildRules = (
			);
			dependencies = (
			);
			name = LinkableLabelTest;
			productName = LinkableLabelTest;
			productReference = 80801C1F1FD92DC4004761D3 /* LinkableLabelTest.app */;
			productType = "com.apple.product-type.application";
		};
/* End PBXNativeTarget section */

/* Begin PBXProject section */
		80801C171FD92DC4004761D3 /* Project object */ = {
			isa = PBXProject;
			attributes = {
				LastSwiftUpdateCheck = 0910;
				LastUpgradeCheck = 0910;
				ORGANIZATIONNAME = "Jörn Schoppe";
				TargetAttributes = {
					80801C1E1FD92DC4004761D3 = {
						CreatedOnToolsVersion = 9.1;
						LastSwiftMigration = 0910;
						ProvisioningStyle = Automatic;
					};
				};
			};
			buildConfigurationList = 80801C1A1FD92DC4004761D3 /* Build configuration list for PBXProject "LinkableLabelTest" */;
			compatibilityVersion = "Xcode 8.0";
			developmentRegion = en;
			hasScannedForEncodings = 0;
			knownRegions = (
				en,
				Base,
			);
			mainGroup = 80801C161FD92DC4004761D3;
			productRefGroup = 80801C201FD92DC4004761D3 /* Products */;
			projectDirPath = "";
			projectRoot = "";
			targets = (
				80801C1E1FD92DC4004761D3 /* LinkableLabelTest */,
			);
		};
/* End PBXProject section */

/* Begin PBXResourcesBuildPhase section */
		80801C1D1FD92DC4004761D3 /* Resources */ = {
			isa = PBXResourcesBuildPhase;
			buildActionMask = 2147483647;
			files = (
				80801C2D1FD92DC4004761D3 /* LaunchScreen.storyboard in Resources */,
				80801C2A1FD92DC4004761D3 /* Assets.xcassets in Resources */,
			);
			runOnlyForDeploymentPostprocessing = 0;
		};
/* End PBXResourcesBuildPhase section */

/* Begin PBXShellScriptBuildPhase section */
		02C0C84CFEC66DBB26F202EB /* [CP] Embed Pods Frameworks */ = {
			isa = PBXShellScriptBuildPhase;
			buildActionMask = 2147483647;
			files = (
			);
			inputPaths = (
				"${SRCROOT}/Pods/Target Support Files/Pods-LinkableLabelTest/Pods-LinkableLabelTest-frameworks.sh",
				"${BUILT_PRODUCTS_DIR}/TTTAttributedLabel/TTTAttributedLabel.framework",
				"${BUILT_PRODUCTS_DIR}/WatchdogInspector/WatchdogInspector.framework",
			);
			name = "[CP] Embed Pods Frameworks";
			outputPaths = (
				"${TARGET_BUILD_DIR}/${FRAMEWORKS_FOLDER_PATH}/TTTAttributedLabel.framework",
				"${TARGET_BUILD_DIR}/${FRAMEWORKS_FOLDER_PATH}/WatchdogInspector.framework",
			);
			runOnlyForDeploymentPostprocessing = 0;
			shellPath = /bin/sh;
			shellScript = "\"${SRCROOT}/Pods/Target Support Files/Pods-LinkableLabelTest/Pods-LinkableLabelTest-frameworks.sh\"\n";
			showEnvVarsInLog = 0;
		};
		8AA227315B66BB10E6C25E54 /* [CP] Copy Pods Resources */ = {
			isa = PBXShellScriptBuildPhase;
			buildActionMask = 2147483647;
			files = (
			);
			inputPaths = (
			);
			name = "[CP] Copy Pods Resources";
			outputPaths = (
			);
			runOnlyForDeploymentPostprocessing = 0;
			shellPath = /bin/sh;
			shellScript = "\"${SRCROOT}/Pods/Target Support Files/Pods-LinkableLabelTest/Pods-LinkableLabelTest-resources.sh\"\n";
			showEnvVarsInLog = 0;
		};
		A6E24BDDA3B32F09F76D6A72 /* [CP] Check Pods Manifest.lock */ = {
			isa = PBXShellScriptBuildPhase;
			buildActionMask = 2147483647;
			files = (
			);
			inputPaths = (
				"${PODS_PODFILE_DIR_PATH}/Podfile.lock",
				"${PODS_ROOT}/Manifest.lock",
			);
			name = "[CP] Check Pods Manifest.lock";
			outputPaths = (
				"$(DERIVED_FILE_DIR)/Pods-LinkableLabelTest-checkManifestLockResult.txt",
			);
			runOnlyForDeploymentPostprocessing = 0;
			shellPath = /bin/sh;
			shellScript = "diff \"${PODS_PODFILE_DIR_PATH}/Podfile.lock\" \"${PODS_ROOT}/Manifest.lock\" > /dev/null\nif [ $? != 0 ] ; then\n    # print error to STDERR\n    echo \"error: The sandbox is not in sync with the Podfile.lock. Run 'pod install' or update your CocoaPods installation.\" >&2\n    exit 1\nfi\n# This output is used by Xcode 'outputs' to avoid re-running this script phase.\necho \"SUCCESS\" > \"${SCRIPT_OUTPUT_FILE_0}\"\n";
			showEnvVarsInLog = 0;
		};
/* End PBXShellScriptBuildPhase section */

/* Begin PBXSourcesBuildPhase section */
		80801C1B1FD92DC4004761D3 /* Sources */ = {
			isa = PBXSourcesBuildPhase;
			buildActionMask = 2147483647;
			files = (
				80801C251FD92DC4004761D3 /* ViewController.swift in Sources */,
				8062369D1FD930EB009D2C69 /* Data.swift in Sources */,
				8062369B1FD9301F009D2C69 /* LinkableLabel.swift in Sources */,
				80801C231FD92DC4004761D3 /* AppDelegate.swift in Sources */,
				806236971FD92F08009D2C69 /* TTTViewController.swift in Sources */,
				806236991FD92FFA009D2C69 /* LinkableTableViewCell.swift in Sources */,
				8062369F1FD93B19009D2C69 /* TTTTableViewCell.swift in Sources */,
			);
			runOnlyForDeploymentPostprocessing = 0;
		};
/* End PBXSourcesBuildPhase section */

/* Begin PBXVariantGroup section */
		80801C2B1FD92DC4004761D3 /* LaunchScreen.storyboard */ = {
			isa = PBXVariantGroup;
			children = (
				80801C2C1FD92DC4004761D3 /* Base */,
			);
			name = LaunchScreen.storyboard;
			sourceTree = "<group>";
		};
/* End PBXVariantGroup section */

/* Begin XCBuildConfiguration section */
		80801C2F1FD92DC4004761D3 /* Debug */ = {
			isa = XCBuildConfiguration;
			buildSettings = {
				ALWAYS_SEARCH_USER_PATHS = NO;
				CLANG_ANALYZER_NONNULL = YES;
				CLANG_ANALYZER_NUMBER_OBJECT_CONVERSION = YES_AGGRESSIVE;
				CLANG_CXX_LANGUAGE_STANDARD = "gnu++14";
				CLANG_CXX_LIBRARY = "libc++";
				CLANG_ENABLE_MODULES = YES;
				CLANG_ENABLE_OBJC_ARC = YES;
				CLANG_WARN_BLOCK_CAPTURE_AUTORELEASING = YES;
				CLANG_WARN_BOOL_CONVERSION = YES;
				CLANG_WARN_COMMA = YES;
				CLANG_WARN_CONSTANT_CONVERSION = YES;
				CLANG_WARN_DIRECT_OBJC_ISA_USAGE = YES_ERROR;
				CLANG_WARN_DOCUMENTATION_COMMENTS = YES;
				CLANG_WARN_EMPTY_BODY = YES;
				CLANG_WARN_ENUM_CONVERSION = YES;
				CLANG_WARN_INFINITE_RECURSION = YES;
				CLANG_WARN_INT_CONVERSION = YES;
				CLANG_WARN_NON_LITERAL_NULL_CONVERSION = YES;
				CLANG_WARN_OBJC_LITERAL_CONVERSION = YES;
				CLANG_WARN_OBJC_ROOT_CLASS = YES_ERROR;
				CLANG_WARN_RANGE_LOOP_ANALYSIS = YES;
				CLANG_WARN_STRICT_PROTOTYPES = YES;
				CLANG_WARN_SUSPICIOUS_MOVE = YES;
				CLANG_WARN_UNGUARDED_AVAILABILITY = YES_AGGRESSIVE;
				CLANG_WARN_UNREACHABLE_CODE = YES;
				CLANG_WARN__DUPLICATE_METHOD_MATCH = YES;
				CODE_SIGN_IDENTITY = "iPhone Developer";
				COPY_PHASE_STRIP = NO;
				DEBUG_INFORMATION_FORMAT = dwarf;
				ENABLE_STRICT_OBJC_MSGSEND = YES;
				ENABLE_TESTABILITY = YES;
				GCC_C_LANGUAGE_STANDARD = gnu11;
				GCC_DYNAMIC_NO_PIC = NO;
				GCC_NO_COMMON_BLOCKS = YES;
				GCC_OPTIMIZATION_LEVEL = 0;
				GCC_PREPROCESSOR_DEFINITIONS = (
					"DEBUG=1",
					"$(inherited)",
				);
				GCC_WARN_64_TO_32_BIT_CONVERSION = YES;
				GCC_WARN_ABOUT_RETURN_TYPE = YES_ERROR;
				GCC_WARN_UNDECLARED_SELECTOR = YES;
				GCC_WARN_UNINITIALIZED_AUTOS = YES_AGGRESSIVE;
				GCC_WARN_UNUSED_FUNCTION = YES;
				GCC_WARN_UNUSED_VARIABLE = YES;
				IPHONEOS_DEPLOYMENT_TARGET = 9.0;
				MTL_ENABLE_DEBUG_INFO = YES;
				ONLY_ACTIVE_ARCH = YES;
				SDKROOT = iphoneos;
				SWIFT_ACTIVE_COMPILATION_CONDITIONS = DEBUG;
				SWIFT_OPTIMIZATION_LEVEL = "-Onone";
			};
			name = Debug;
		};
		80801C301FD92DC4004761D3 /* Release */ = {
			isa = XCBuildConfiguration;
			buildSettings = {
				ALWAYS_SEARCH_USER_PATHS = NO;
				CLANG_ANALYZER_NONNULL = YES;
				CLANG_ANALYZER_NUMBER_OBJECT_CONVERSION = YES_AGGRESSIVE;
				CLANG_CXX_LANGUAGE_STANDARD = "gnu++14";
				CLANG_CXX_LIBRARY = "libc++";
				CLANG_ENABLE_MODULES = YES;
				CLANG_ENABLE_OBJC_ARC = YES;
				CLANG_WARN_BLOCK_CAPTURE_AUTORELEASING = YES;
				CLANG_WARN_BOOL_CONVERSION = YES;
				CLANG_WARN_COMMA = YES;
				CLANG_WARN_CONSTANT_CONVERSION = YES;
				CLANG_WARN_DIRECT_OBJC_ISA_USAGE = YES_ERROR;
				CLANG_WARN_DOCUMENTATION_COMMENTS = YES;
				CLANG_WARN_EMPTY_BODY = YES;
				CLANG_WARN_ENUM_CONVERSION = YES;
				CLANG_WARN_INFINITE_RECURSION = YES;
				CLANG_WARN_INT_CONVERSION = YES;
				CLANG_WARN_NON_LITERAL_NULL_CONVERSION = YES;
				CLANG_WARN_OBJC_LITERAL_CONVERSION = YES;
				CLANG_WARN_OBJC_ROOT_CLASS = YES_ERROR;
				CLANG_WARN_RANGE_LOOP_ANALYSIS = YES;
				CLANG_WARN_STRICT_PROTOTYPES = YES;
				CLANG_WARN_SUSPICIOUS_MOVE = YES;
				CLANG_WARN_UNGUARDED_AVAILABILITY = YES_AGGRESSIVE;
				CLANG_WARN_UNREACHABLE_CODE = YES;
				CLANG_WARN__DUPLICATE_METHOD_MATCH = YES;
				CODE_SIGN_IDENTITY = "iPhone Developer";
				COPY_PHASE_STRIP = NO;
				DEBUG_INFORMATION_FORMAT = "dwarf-with-dsym";
				ENABLE_NS_ASSERTIONS = NO;
				ENABLE_STRICT_OBJC_MSGSEND = YES;
				GCC_C_LANGUAGE_STANDARD = gnu11;
				GCC_NO_COMMON_BLOCKS = YES;
				GCC_WARN_64_TO_32_BIT_CONVERSION = YES;
				GCC_WARN_ABOUT_RETURN_TYPE = YES_ERROR;
				GCC_WARN_UNDECLARED_SELECTOR = YES;
				GCC_WARN_UNINITIALIZED_AUTOS = YES_AGGRESSIVE;
				GCC_WARN_UNUSED_FUNCTION = YES;
				GCC_WARN_UNUSED_VARIABLE = YES;
				IPHONEOS_DEPLOYMENT_TARGET = 9.0;
				MTL_ENABLE_DEBUG_INFO = NO;
				SDKROOT = iphoneos;
				SWIFT_OPTIMIZATION_LEVEL = "-Owholemodule";
				VALIDATE_PRODUCT = YES;
			};
			name = Release;
		};
		80801C321FD92DC4004761D3 /* Debug */ = {
			isa = XCBuildConfiguration;
			baseConfigurationReference = C1EB7604B40B7151D4FC7D7D /* Pods-LinkableLabelTest.debug.xcconfig */;
			buildSettings = {
				ASSETCATALOG_COMPILER_APPICON_NAME = AppIcon;
				CLANG_ENABLE_MODULES = YES;
				CODE_SIGN_STYLE = Automatic;
				DEVELOPMENT_TEAM = NPY72H3Q84;
				INFOPLIST_FILE = LinkableLabelTest/Info.plist;
				IPHONEOS_DEPLOYMENT_TARGET = 9.0;
				LD_RUNPATH_SEARCH_PATHS = "$(inherited) @executable_path/Frameworks";
				PRODUCT_BUNDLE_IDENTIFIER = sddfsdsf.LinkableLabelTest;
				PRODUCT_NAME = "$(TARGET_NAME)";
				SWIFT_OBJC_BRIDGING_HEADER = "LinkableLabelTest/LinkableLabelTest-Bridging-Header.h";
				SWIFT_OPTIMIZATION_LEVEL = "-Onone";
				SWIFT_VERSION = 4.0;
				TARGETED_DEVICE_FAMILY = "1,2";
			};
			name = Debug;
		};
		80801C331FD92DC4004761D3 /* Release */ = {
			isa = XCBuildConfiguration;
			baseConfigurationReference = AB16F1DC61CB0A99D4521591 /* Pods-LinkableLabelTest.release.xcconfig */;
			buildSettings = {
				ASSETCATALOG_COMPILER_APPICON_NAME = AppIcon;
				CLANG_ENABLE_MODULES = YES;
				CODE_SIGN_STYLE = Automatic;
				DEVELOPMENT_TEAM = NPY72H3Q84;
				INFOPLIST_FILE = LinkableLabelTest/Info.plist;
				IPHONEOS_DEPLOYMENT_TARGET = 9.0;
				LD_RUNPATH_SEARCH_PATHS = "$(inherited) @executable_path/Frameworks";
				PRODUCT_BUNDLE_IDENTIFIER = sddfsdsf.LinkableLabelTest;
				PRODUCT_NAME = "$(TARGET_NAME)";
				SWIFT_OBJC_BRIDGING_HEADER = "LinkableLabelTest/LinkableLabelTest-Bridging-Header.h";
				SWIFT_VERSION = 4.0;
				TARGETED_DEVICE_FAMILY = "1,2";
			};
			name = Release;
		};
/* End XCBuildConfiguration section */

/* Begin XCConfigurationList section */
		80801C1A1FD92DC4004761D3 /* Build configuration list for PBXProject "LinkableLabelTest" */ = {
			isa = XCConfigurationList;
			buildConfigurations = (
				80801C2F1FD92DC4004761D3 /* Debug */,
				80801C301FD92DC4004761D3 /* Release */,
			);
			defaultConfigurationIsVisible = 0;
			defaultConfigurationName = Release;
		};
		80801C311FD92DC4004761D3 /* Build configuration list for PBXNativeTarget "LinkableLabelTest" */ = {
			isa = XCConfigurationList;
			buildConfigurations = (
				80801C321FD92DC4004761D3 /* Debug */,
				80801C331FD92DC4004761D3 /* Release */,
			);
			defaultConfigurationIsVisible = 0;
			defaultConfigurationName = Release;
		};
/* End XCConfigurationList section */
	};
	rootObject = 80801C171FD92DC4004761D3 /* Project object */;
}
